
Microsoft Visual Studio Solution File, Format Version 12.00
# Visual Studio Version 17
VisualStudioVersion = 17.3.32819.101
MinimumVisualStudioVersion = 10.0.40219.1
Project("{FAE04EC0-301F-11D3-BF4B-00C04F79EFBC}") = "Ch04MovieListMiner", "Ch04MovieListMiner\Ch04MovieListMiner.csproj", "{80883246-0E07-4670-A00A-847FEAFCA469}"
EndProject
Global
	GlobalSection(SolutionConfigurationPlatforms) = preSolution
		Debug|Any CPU = Debug|Any CPU
		Release|Any CPU = Release|Any CPU
	EndGlobalSection
	GlobalSection(ProjectConfigurationPlatforms) = postSolution
		{80883246-0E07-4670-A00A-847FEAFCA469}.Debug|Any CPU.ActiveCfg = Debug|Any CPU
		{80883246-0E07-4670-A00A-847FEAFCA469}.Debug|Any CPU.Build.0 = Debug|Any CPU
		{80883246-0E07-4670-A00A-847FEAFCA469}.Release|Any CPU.ActiveCfg = Release|Any CPU
		{80883246-0E07-4670-A00A-847FEAFCA469}.Release|Any CPU.Build.0 = Release|Any CPU
	EndGlobalSection
	GlobalSection(SolutionProperties) = preSolution
		HideSolutionNode = FALSE
	EndGlobalSection
	GlobalSection(ExtensibilityGlobals) = postSolution
		SolutionGuid = {8B8A1A2C-E46E-4B46-B02C-D8CCE58ACAD2}
	EndGlobalSection
EndGlobal
